
Microsoft Visual Studio Solution File, Format Version 12.00
# Visual Studio Version 17
VisualStudioVersion = 17.10.34916.146
MinimumVisualStudioVersion = 10.0.40219.1
Project("{9A19103F-16F7-4668-BE54-9A1E7A4F7556}") = "NavalPlacementChallenge", "NavalPlacementChallenge.csproj", "{4067B2B4-10FC-4723-8F83-8616A64311A6}"
EndProject
Global
	GlobalSection(SolutionConfigurationPlatforms) = preSolution
		Debug|Any CPU = Debug|Any CPU
		Release|Any CPU = Release|Any CPU
	EndGlobalSection
	GlobalSection(ProjectConfigurationPlatforms) = postSolution
		{4067B2B4-10FC-4723-8F83-8616A64311A6}.Debug|Any CPU.ActiveCfg = Debug|Any CPU
		{4067B2B4-10FC-4723-8F83-8616A64311A6}.Debug|Any CPU.Build.0 = Debug|Any CPU
		{4067B2B4-10FC-4723-8F83-8616A64311A6}.Release|Any CPU.ActiveCfg = Release|Any CPU
		{4067B2B4-10FC-4723-8F83-8616A64311A6}.Release|Any CPU.Build.0 = Release|Any CPU
	EndGlobalSection
	GlobalSection(SolutionProperties) = preSolution
		HideSolutionNode = FALSE
	EndGlobalSection
	GlobalSection(ExtensibilityGlobals) = postSolution
		SolutionGuid = {013CA205-EE36-44DF-A08C-D6DC8536FCB5}
	EndGlobalSection
EndGlobal
